
Microsoft Visual Studio Solution File, Format Version 12.00
# Visual Studio Version 17
VisualStudioVersion = 17.12.35521.163
MinimumVisualStudioVersion = 10.0.40219.1
Project("{FAE04EC0-301F-11D3-BF4B-00C04F79EFBC}") = "FootballClub.Endpoint", "FootballClub\FootballClub.Endpoint.csproj", "{8601C078-5F5A-4BA1-B00E-DADDA7EBF723}"
EndProject
Project("{FAE04EC0-301F-11D3-BF4B-00C04F79EFBC}") = "FootballClub.Data", "FootballClub.Data\FootballClub.Data.csproj", "{F21E54BF-A8F2-4AFD-BAD7-3A41719F3E3E}"
EndProject
Project("{FAE04EC0-301F-11D3-BF4B-00C04F79EFBC}") = "FootballClub.Logic", "FootballClub.Logic\FootballClub.Logic.csproj", "{CB73A971-9561-411B-A72C-9887262C8659}"
EndProject
Project("{FAE04EC0-301F-11D3-BF4B-00C04F79EFBC}") = "FootballClub.Entity", "FootballClub.Entity\FootballClub.Entity.csproj", "{B65D3B85-F02A-4AC3-9B5E-EF1623B124B3}"
EndProject
Global
	GlobalSection(SolutionConfigurationPlatforms) = preSolution
		Debug|Any CPU = Debug|Any CPU
		Release|Any CPU = Release|Any CPU
	EndGlobalSection
	GlobalSection(ProjectConfigurationPlatforms) = postSolution
		{8601C078-5F5A-4BA1-B00E-DADDA7EBF723}.Debug|Any CPU.ActiveCfg = Debug|Any CPU
		{8601C078-5F5A-4BA1-B00E-DADDA7EBF723}.Debug|Any CPU.Build.0 = Debug|Any CPU
		{8601C078-5F5A-4BA1-B00E-DADDA7EBF723}.Release|Any CPU.ActiveCfg = Release|Any CPU
		{8601C078-5F5A-4BA1-B00E-DADDA7EBF723}.Release|Any CPU.Build.0 = Release|Any CPU
		{F21E54BF-A8F2-4AFD-BAD7-3A41719F3E3E}.Debug|Any CPU.ActiveCfg = Debug|Any CPU
		{F21E54BF-A8F2-4AFD-BAD7-3A41719F3E3E}.Debug|Any CPU.Build.0 = Debug|Any CPU
		{F21E54BF-A8F2-4AFD-BAD7-3A41719F3E3E}.Release|Any CPU.ActiveCfg = Release|Any CPU
		{F21E54BF-A8F2-4AFD-BAD7-3A41719F3E3E}.Release|Any CPU.Build.0 = Release|Any CPU
		{CB73A971-9561-411B-A72C-9887262C8659}.Debug|Any CPU.ActiveCfg = Debug|Any CPU
		{CB73A971-9561-411B-A72C-9887262C8659}.Debug|Any CPU.Build.0 = Debug|Any CPU
		{CB73A971-9561-411B-A72C-9887262C8659}.Release|Any CPU.ActiveCfg = Release|Any CPU
		{CB73A971-9561-411B-A72C-9887262C8659}.Release|Any CPU.Build.0 = Release|Any CPU
		{B65D3B85-F02A-4AC3-9B5E-EF1623B124B3}.Debug|Any CPU.ActiveCfg = Debug|Any CPU
		{B65D3B85-F02A-4AC3-9B5E-EF1623B124B3}.Debug|Any CPU.Build.0 = Debug|Any CPU
		{B65D3B85-F02A-4AC3-9B5E-EF1623B124B3}.Release|Any CPU.ActiveCfg = Release|Any CPU
		{B65D3B85-F02A-4AC3-9B5E-EF1623B124B3}.Release|Any CPU.Build.0 = Release|Any CPU
	EndGlobalSection
	GlobalSection(SolutionProperties) = preSolution
		HideSolutionNode = FALSE
	EndGlobalSection
EndGlobal
